
Microsoft Visual Studio Solution File, Format Version 12.00
# Visual Studio 15
VisualStudioVersion = 15.0.28307.102
MinimumVisualStudioVersion = 10.0.40219.1
Project("{FAE04EC0-301F-11D3-BF4B-00C04F79EFBC}") = "WindowsFormsApp3", "WindowsFormsApp3\WindowsFormsApp3.csproj", "{E8CA05C1-DE87-417B-86A5-246F8AD344A1}"
EndProject
Global
	GlobalSection(SolutionConfigurationPlatforms) = preSolution
		Debug|Any CPU = Debug|Any CPU
		Release|Any CPU = Release|Any CPU
	EndGlobalSection
	GlobalSection(ProjectConfigurationPlatforms) = postSolution
		{E8CA05C1-DE87-417B-86A5-246F8AD344A1}.Debug|Any CPU.ActiveCfg = Debug|Any CPU
		{E8CA05C1-DE87-417B-86A5-246F8AD344A1}.Debug|Any CPU.Build.0 = Debug|Any CPU
		{E8CA05C1-DE87-417B-86A5-246F8AD344A1}.Release|Any CPU.ActiveCfg = Release|Any CPU
		{E8CA05C1-DE87-417B-86A5-246F8AD344A1}.Release|Any CPU.Build.0 = Release|Any CPU
	EndGlobalSection
	GlobalSection(SolutionProperties) = preSolution
		HideSolutionNode = FALSE
	EndGlobalSection
	GlobalSection(ExtensibilityGlobals) = postSolution
		SolutionGuid = {16187B03-07CA-4F06-9E34-B566E19BFD60}
	EndGlobalSection
EndGlobal
